<?xml version="1.0" encoding="utf-8"?>
<Project ToolsVersion="4.0" xmlns="http://schemas.microsoft.com/developer/msbuild/2003">
  <ItemGroup>
    <ClInclude Include="include\UIDebug.hpp" />
    <ClInclude Include="include\UniqueID.hpp" />
    <ClInclude Include="include\FrameControllerPipe.h">
      <Filter>Pipes</Filter>
    </ClInclude>
    <ClInclude Include="include\AbstractNode.hpp">
      <Filter>Nodes</Filter>
    </ClInclude>
    <ClInclude Include="include\Node.h">
      <Filter>Nodes</Filter>
    </ClInclude>
    <ClInclude Include="include\InputPin.h">
      <Filter>Pins</Filter>
    </ClInclude>
    <ClInclude Include="include\OutputPin.h">
      <Filter>Pins</Filter>
    </ClInclude>
    <ClInclude Include="include\NodeCanvas.h">
      <Filter>Windows</Filter>
    </ClInclude>
    <ClInclude Include="include\Window.h">
      <Filter>Windows</Filter>
    </ClInclude>
    <ClInclude Include="include\RootWindow.h">
      <Filter>Windows</Filter>
    </ClInclude>
    <ClInclude Include="include\AbstractPin.hpp">
      <Filter>Pins</Filter>
    </ClInclude>
    <ClInclude Include="include\OutputDataPin.h">
      <Filter>Pins</Filter>
    </ClInclude>
    <ClInclude Include="include\InputDataPin.h">
      <Filter>Pins</Filter>
    </ClInclude>
    <ClInclude Include="include\InputEventPin.h">
      <Filter>Pins</Filter>
    </ClInclude>
    <ClInclude Include="include\OutputEventPin.h">
      <Filter>Pins</Filter>
    </ClInclude>
    <ClInclude Include="include\ImGuiUtilities.hpp" />
    <ClInclude Include="include\Stylesheet.hpp" />
    <ClInclude Include="include\Animation.hpp" />
    <ClInclude Include="include\StylesheetWindow.h">
      <Filter>Windows</Filter>
    </ClInclude>
    <ClInclude Include="include\OutputDataPinDelegate.h">
      <Filter>Pins</Filter>
    </ClInclude>
  </ItemGroup>
  <ItemGroup>
    <ClCompile Include="src\main.cpp" />
    <ClCompile Include="src\FrameControllerPipe.cpp">
      <Filter>Pipes</Filter>
    </ClCompile>
    <ClCompile Include="src\Node.cpp">
      <Filter>Nodes</Filter>
    </ClCompile>
    <ClCompile Include="src\InputPin.cpp">
      <Filter>Pins</Filter>
    </ClCompile>
    <ClCompile Include="src\OutputPin.cpp">
      <Filter>Pins</Filter>
    </ClCompile>
    <ClCompile Include="src\NodeCanvas.cpp">
      <Filter>Windows</Filter>
    </ClCompile>
    <ClCompile Include="src\Window.cpp">
      <Filter>Windows</Filter>
    </ClCompile>
    <ClCompile Include="src\RootWindow.cpp">
      <Filter>Windows</Filter>
    </ClCompile>
    <ClCompile Include="src\OutputDataPin.cpp">
      <Filter>Pins</Filter>
    </ClCompile>
    <ClCompile Include="src\InputDataPin.cpp">
      <Filter>Pins</Filter>
    </ClCompile>
    <ClCompile Include="src\InputEventPin.cpp">
      <Filter>Pins</Filter>
    </ClCompile>
    <ClCompile Include="src\OutputEventPin.cpp">
      <Filter>Pins</Filter>
    </ClCompile>
    <ClCompile Include="src\StylesheetWindow.cpp">
      <Filter>Windows</Filter>
    </ClCompile>
    <ClCompile Include="src\OutputDataPinDelegate.cpp">
      <Filter>Pins</Filter>
    </ClCompile>
  </ItemGroup>
  <ItemGroup>
    <Filter Include="Pipes">
      <UniqueIdentifier>{560bac3c-e8c4-4667-864c-d590c1334170}</UniqueIdentifier>
    </Filter>
    <Filter Include="Nodes">
      <UniqueIdentifier>{00a7facb-e332-469f-a4a2-5dcacc49d173}</UniqueIdentifier>
    </Filter>
    <Filter Include="Pins">
      <UniqueIdentifier>{4cd5aacb-bef5-45e2-b573-7235a0a56788}</UniqueIdentifier>
    </Filter>
    <Filter Include="Windows">
      <UniqueIdentifier>{ca575c0c-1983-4be4-9ada-1245ca91c434}</UniqueIdentifier>
    </Filter>
  </ItemGroup>
</Project>