<?xml version="1.0" encoding="utf-8"?>
<Project ToolsVersion="4.0" xmlns="http://schemas.microsoft.com/developer/msbuild/2003">
  <ItemGroup>
    <Filter Include="Ports">
      <UniqueIdentifier>{7c9e1923-2647-4e4a-a5b7-6fdc69b524ff}</UniqueIdentifier>
    </Filter>
    <Filter Include="Pipes">
      <UniqueIdentifier>{ef7aecfb-1620-4aed-9b46-6b4d0ce2b520}</UniqueIdentifier>
    </Filter>
  </ItemGroup>
  <ItemGroup>
    <ClInclude Include="include\rendershop\base\Timestamp.hpp" />
    <ClInclude Include="include\rendershop\base\Utility.hpp" />
    <ClInclude Include="include\rendershop\base\AbstractDataPort.hpp">
      <Filter>Ports</Filter>
    </ClInclude>
    <ClInclude Include="include\rendershop\base\AbstractPort.hpp">
      <Filter>Ports</Filter>
    </ClInclude>
    <ClInclude Include="include\rendershop\base\InputDataPort.hpp">
      <Filter>Ports</Filter>
    </ClInclude>
    <ClInclude Include="include\rendershop\base\InputEventPort.hpp">
      <Filter>Ports</Filter>
    </ClInclude>
    <ClInclude Include="include\rendershop\base\InputPort.hpp">
      <Filter>Ports</Filter>
    </ClInclude>
    <ClInclude Include="include\rendershop\base\OutputDataPort.hpp">
      <Filter>Ports</Filter>
    </ClInclude>
    <ClInclude Include="include\rendershop\base\OutputEventPort.hpp">
      <Filter>Ports</Filter>
    </ClInclude>
    <ClInclude Include="include\rendershop\base\OutputPort.hpp">
      <Filter>Ports</Filter>
    </ClInclude>
    <ClInclude Include="include\rendershop\base\AbstractPipe.hpp">
      <Filter>Pipes</Filter>
    </ClInclude>
    <ClInclude Include="include\rendershop\base\AbstractSink.hpp">
      <Filter>Pipes</Filter>
    </ClInclude>
    <ClInclude Include="include\rendershop\base\AbstractSource.hpp">
      <Filter>Pipes</Filter>
    </ClInclude>
    <ClInclude Include="include\rendershop\base\EventPipe.hpp">
      <Filter>Pipes</Filter>
    </ClInclude>
    <ClInclude Include="include\rendershop\base\Pipe.hpp">
      <Filter>Pipes</Filter>
    </ClInclude>
    <ClInclude Include="include\rendershop\base\Sink.hpp">
      <Filter>Pipes</Filter>
    </ClInclude>
    <ClInclude Include="include\rendershop\base\Source.hpp">
      <Filter>Pipes</Filter>
    </ClInclude>
  </ItemGroup>
</Project>