
Microsoft Visual Studio Solution File, Format Version 12.00
# Visual Studio Version 16
VisualStudioVersion = 16.0.29020.237
MinimumVisualStudioVersion = 10.0.40219.1
Project("{2150E333-8FDC-42A3-9474-1A3956D46DE8}") = "third party", "third party", "{5267E6C2-61E6-4371-99F0-C8CEC3E94022}"
EndProject
Project("{8BC9CEB8-8B4A-11D0-8D11-00A0C91BC942}") = "testing", "testing\testing.vcxproj", "{2BCF84D2-CD0C-438D-9E3B-1A55A00163D0}"
	ProjectSection(ProjectDependencies) = postProject
		{8FBB3B10-0881-41F5-B214-2790EA9AC592} = {8FBB3B10-0881-41F5-B214-2790EA9AC592}
		{CD84D226-7C03-4304-8B74-50E4AE876C35} = {CD84D226-7C03-4304-8B74-50E4AE876C35}
		{236B3348-7FAD-450C-BFF4-D6BF6E38F16A} = {236B3348-7FAD-450C-BFF4-D6BF6E38F16A}
		{3A58E254-90C1-4D35-85D2-57FA8C177DFC} = {3A58E254-90C1-4D35-85D2-57FA8C177DFC}
		{6FC9478E-E4A5-441A-9939-54B09ABD4815} = {6FC9478E-E4A5-441A-9939-54B09ABD4815}
		{55D5A1A3-3395-4E85-A29B-323CE6BA5607} = {55D5A1A3-3395-4E85-A29B-323CE6BA5607}
	EndProjectSection
EndProject
Project("{8BC9CEB8-8B4A-11D0-8D11-00A0C91BC942}") = "rendershop-base", "rendershop-base\rendershop-base.vcxproj", "{55D5A1A3-3395-4E85-A29B-323CE6BA5607}"
EndProject
Project("{8BC9CEB8-8B4A-11D0-8D11-00A0C91BC942}") = "rendershop-editor", "rendershop-editor\rendershop-editor.vcxproj", "{E68A3F44-48B5-4443-9BF2-20F021D757CE}"
	ProjectSection(ProjectDependencies) = postProject
		{8FBB3B10-0881-41F5-B214-2790EA9AC592} = {8FBB3B10-0881-41F5-B214-2790EA9AC592}
		{CD84D226-7C03-4304-8B74-50E4AE876C35} = {CD84D226-7C03-4304-8B74-50E4AE876C35}
		{236B3348-7FAD-450C-BFF4-D6BF6E38F16A} = {236B3348-7FAD-450C-BFF4-D6BF6E38F16A}
		{3A58E254-90C1-4D35-85D2-57FA8C177DFC} = {3A58E254-90C1-4D35-85D2-57FA8C177DFC}
		{6FC9478E-E4A5-441A-9939-54B09ABD4815} = {6FC9478E-E4A5-441A-9939-54B09ABD4815}
		{55D5A1A3-3395-4E85-A29B-323CE6BA5607} = {55D5A1A3-3395-4E85-A29B-323CE6BA5607}
	EndProjectSection
EndProject
Project("{8BC9CEB8-8B4A-11D0-8D11-00A0C91BC942}") = "rendershop-pipes", "rendershop-pipes\rendershop-pipes.vcxproj", "{6FC9478E-E4A5-441A-9939-54B09ABD4815}"
EndProject
Project("{8BC9CEB8-8B4A-11D0-8D11-00A0C91BC942}") = "glad", "third party\src\glad\glad.vcxproj", "{3A58E254-90C1-4D35-85D2-57FA8C177DFC}"
EndProject
Project("{8BC9CEB8-8B4A-11D0-8D11-00A0C91BC942}") = "glfw3", "third party\src\glfw3\glfw3.vcxproj", "{8FBB3B10-0881-41F5-B214-2790EA9AC592}"
EndProject
Project("{8BC9CEB8-8B4A-11D0-8D11-00A0C91BC942}") = "imgui", "third party\src\imgui\imgui.vcxproj", "{CD84D226-7C03-4304-8B74-50E4AE876C35}"
EndProject
Project("{8BC9CEB8-8B4A-11D0-8D11-00A0C91BC942}") = "imgui-node-editor", "third party\src\imgui-node-editor\imgui-node-editor.vcxproj", "{236B3348-7FAD-450C-BFF4-D6BF6E38F16A}"
EndProject
Global
	GlobalSection(SolutionConfigurationPlatforms) = preSolution
		Debug|x64 = Debug|x64
		Debug|x86 = Debug|x86
		Release|x64 = Release|x64
		Release|x86 = Release|x86
	EndGlobalSection
	GlobalSection(ProjectConfigurationPlatforms) = postSolution
		{2BCF84D2-CD0C-438D-9E3B-1A55A00163D0}.Debug|x64.ActiveCfg = Debug|x64
		{2BCF84D2-CD0C-438D-9E3B-1A55A00163D0}.Debug|x64.Build.0 = Debug|x64
		{2BCF84D2-CD0C-438D-9E3B-1A55A00163D0}.Debug|x86.ActiveCfg = Debug|Win32
		{2BCF84D2-CD0C-438D-9E3B-1A55A00163D0}.Debug|x86.Build.0 = Debug|Win32
		{2BCF84D2-CD0C-438D-9E3B-1A55A00163D0}.Release|x64.ActiveCfg = Release|x64
		{2BCF84D2-CD0C-438D-9E3B-1A55A00163D0}.Release|x64.Build.0 = Release|x64
		{2BCF84D2-CD0C-438D-9E3B-1A55A00163D0}.Release|x86.ActiveCfg = Release|Win32
		{2BCF84D2-CD0C-438D-9E3B-1A55A00163D0}.Release|x86.Build.0 = Release|Win32
		{55D5A1A3-3395-4E85-A29B-323CE6BA5607}.Debug|x64.ActiveCfg = Debug|x64
		{55D5A1A3-3395-4E85-A29B-323CE6BA5607}.Debug|x64.Build.0 = Debug|x64
		{55D5A1A3-3395-4E85-A29B-323CE6BA5607}.Debug|x86.ActiveCfg = Debug|x64
		{55D5A1A3-3395-4E85-A29B-323CE6BA5607}.Release|x64.ActiveCfg = Release|x64
		{55D5A1A3-3395-4E85-A29B-323CE6BA5607}.Release|x64.Build.0 = Release|x64
		{55D5A1A3-3395-4E85-A29B-323CE6BA5607}.Release|x86.ActiveCfg = Release|x64
		{E68A3F44-48B5-4443-9BF2-20F021D757CE}.Debug|x64.ActiveCfg = Debug|x64
		{E68A3F44-48B5-4443-9BF2-20F021D757CE}.Debug|x64.Build.0 = Debug|x64
		{E68A3F44-48B5-4443-9BF2-20F021D757CE}.Debug|x86.ActiveCfg = Debug|x64
		{E68A3F44-48B5-4443-9BF2-20F021D757CE}.Release|x64.ActiveCfg = Release|x64
		{E68A3F44-48B5-4443-9BF2-20F021D757CE}.Release|x64.Build.0 = Release|x64
		{E68A3F44-48B5-4443-9BF2-20F021D757CE}.Release|x86.ActiveCfg = Release|x64
		{6FC9478E-E4A5-441A-9939-54B09ABD4815}.Debug|x64.ActiveCfg = Debug|x64
		{6FC9478E-E4A5-441A-9939-54B09ABD4815}.Debug|x64.Build.0 = Debug|x64
		{6FC9478E-E4A5-441A-9939-54B09ABD4815}.Debug|x86.ActiveCfg = Debug|x64
		{6FC9478E-E4A5-441A-9939-54B09ABD4815}.Release|x64.ActiveCfg = Release|x64
		{6FC9478E-E4A5-441A-9939-54B09ABD4815}.Release|x64.Build.0 = Release|x64
		{6FC9478E-E4A5-441A-9939-54B09ABD4815}.Release|x86.ActiveCfg = Release|x64
		{3A58E254-90C1-4D35-85D2-57FA8C177DFC}.Debug|x64.ActiveCfg = Debug|x64
		{3A58E254-90C1-4D35-85D2-57FA8C177DFC}.Debug|x64.Build.0 = Debug|x64
		{3A58E254-90C1-4D35-85D2-57FA8C177DFC}.Debug|x86.ActiveCfg = Debug|x64
		{3A58E254-90C1-4D35-85D2-57FA8C177DFC}.Release|x64.ActiveCfg = Release|x64
		{3A58E254-90C1-4D35-85D2-57FA8C177DFC}.Release|x64.Build.0 = Release|x64
		{3A58E254-90C1-4D35-85D2-57FA8C177DFC}.Release|x86.ActiveCfg = Release|x64
		{8FBB3B10-0881-41F5-B214-2790EA9AC592}.Debug|x64.ActiveCfg = Debug|x64
		{8FBB3B10-0881-41F5-B214-2790EA9AC592}.Debug|x64.Build.0 = Debug|x64
		{8FBB3B10-0881-41F5-B214-2790EA9AC592}.Debug|x86.ActiveCfg = Debug|x64
		{8FBB3B10-0881-41F5-B214-2790EA9AC592}.Release|x64.ActiveCfg = Release|x64
		{8FBB3B10-0881-41F5-B214-2790EA9AC592}.Release|x64.Build.0 = Release|x64
		{8FBB3B10-0881-41F5-B214-2790EA9AC592}.Release|x86.ActiveCfg = Release|x64
		{CD84D226-7C03-4304-8B74-50E4AE876C35}.Debug|x64.ActiveCfg = Debug|x64
		{CD84D226-7C03-4304-8B74-50E4AE876C35}.Debug|x64.Build.0 = Debug|x64
		{CD84D226-7C03-4304-8B74-50E4AE876C35}.Debug|x86.ActiveCfg = Debug|x64
		{CD84D226-7C03-4304-8B74-50E4AE876C35}.Release|x64.ActiveCfg = Release|x64
		{CD84D226-7C03-4304-8B74-50E4AE876C35}.Release|x64.Build.0 = Release|x64
		{CD84D226-7C03-4304-8B74-50E4AE876C35}.Release|x86.ActiveCfg = Release|x64
		{236B3348-7FAD-450C-BFF4-D6BF6E38F16A}.Debug|x64.ActiveCfg = Debug|x64
		{236B3348-7FAD-450C-BFF4-D6BF6E38F16A}.Debug|x64.Build.0 = Debug|x64
		{236B3348-7FAD-450C-BFF4-D6BF6E38F16A}.Debug|x86.ActiveCfg = Debug|x64
		{236B3348-7FAD-450C-BFF4-D6BF6E38F16A}.Release|x64.ActiveCfg = Release|x64
		{236B3348-7FAD-450C-BFF4-D6BF6E38F16A}.Release|x64.Build.0 = Release|x64
		{236B3348-7FAD-450C-BFF4-D6BF6E38F16A}.Release|x86.ActiveCfg = Release|x64
	EndGlobalSection
	GlobalSection(SolutionProperties) = preSolution
		HideSolutionNode = FALSE
	EndGlobalSection
	GlobalSection(NestedProjects) = preSolution
		{3A58E254-90C1-4D35-85D2-57FA8C177DFC} = {5267E6C2-61E6-4371-99F0-C8CEC3E94022}
		{8FBB3B10-0881-41F5-B214-2790EA9AC592} = {5267E6C2-61E6-4371-99F0-C8CEC3E94022}
		{CD84D226-7C03-4304-8B74-50E4AE876C35} = {5267E6C2-61E6-4371-99F0-C8CEC3E94022}
		{236B3348-7FAD-450C-BFF4-D6BF6E38F16A} = {5267E6C2-61E6-4371-99F0-C8CEC3E94022}
	EndGlobalSection
	GlobalSection(ExtensibilityGlobals) = postSolution
		SolutionGuid = {57818E2E-6978-4990-8005-BE7F745FE193}
	EndGlobalSection
EndGlobal
