<?xml version="1.0" encoding="utf-8"?>
<Project ToolsVersion="4.0" xmlns="http://schemas.microsoft.com/developer/msbuild/2003">
  <ItemGroup>
    <ClInclude Include="include\renderdeck\RandomColorSource.h" />
    <ClInclude Include="include\renderdeck\ClearBackgroundSink.h" />
    <ClInclude Include="include\renderdeck\GrayscaleColorPipe.h" />
    <ClInclude Include="include\renderdeck\Timer.hpp" />
    <ClInclude Include="include\renderdeck\MixColors.h" />
    <ClInclude Include="include\renderdeck\DecomposeColor.h" />
    <ClInclude Include="include\renderdeck\ValueToColor.h" />
  </ItemGroup>
  <ItemGroup>
    <ClCompile Include="src\ClearBackgroundSink.cpp" />
    <ClCompile Include="src\DecomposeColor.cpp" />
    <ClCompile Include="src\GrayscaleColorPipe.cpp" />
    <ClCompile Include="src\MixColors.cpp" />
    <ClCompile Include="src\RandomColorSource.cpp" />
    <ClCompile Include="src\Timer.cpp" />
    <ClCompile Include="src\ValueToColor.cpp" />
  </ItemGroup>
</Project>