<?xml version="1.0" encoding="utf-8"?>
<Project ToolsVersion="4.0" xmlns="http://schemas.microsoft.com/developer/msbuild/2003">
  <ItemGroup>
    <ClInclude Include="include\win32_platform.h" />
    <ClInclude Include="include\egl_context.h" />
    <ClInclude Include="include\glfw_config.h" />
    <ClInclude Include="include\mappings.h" />
    <ClInclude Include="include\osmesa_context.h" />
    <ClInclude Include="include\wgl_context.h" />
    <ClInclude Include="include\win32_joystick.h" />
    <ClInclude Include="include\internal.h" />
  </ItemGroup>
  <ItemGroup>
    <ClCompile Include="src\context.c" />
    <ClCompile Include="src\egl_context.c" />
    <ClCompile Include="src\init.c" />
    <ClCompile Include="src\input.c" />
    <ClCompile Include="src\monitor.c" />
    <ClCompile Include="src\osmesa_context.c" />
    <ClCompile Include="src\vulkan.c" />
    <ClCompile Include="src\wgl_context.c" />
    <ClCompile Include="src\win32_init.c" />
    <ClCompile Include="src\win32_joystick.c" />
    <ClCompile Include="src\win32_monitor.c" />
    <ClCompile Include="src\win32_thread.c" />
    <ClCompile Include="src\win32_time.c" />
    <ClCompile Include="src\win32_window.c" />
    <ClCompile Include="src\window.c" />
  </ItemGroup>
</Project>