<?xml version="1.0" encoding="utf-8"?>
<Project ToolsVersion="4.0" xmlns="http://schemas.microsoft.com/developer/msbuild/2003">
  <ItemGroup>
    <ClInclude Include="include\renderdeck\RandomColorSource.h" />
    <ClInclude Include="include\renderdeck\Source.hpp" />
    <ClInclude Include="include\renderdeck\Timestamp.hpp" />
    <ClInclude Include="include\renderdeck\Connection.hpp" />
    <ClInclude Include="include\renderdeck\Sink.hpp" />
    <ClInclude Include="include\renderdeck\OutputPort.hpp" />
    <ClInclude Include="include\renderdeck\InputPort.hpp" />
    <ClInclude Include="include\renderdeck\Utility.hpp" />
  </ItemGroup>
</Project>